
Microsoft Visual Studio Solution File, Format Version 12.00
# Visual Studio Version 17
VisualStudioVersion = 17.4.33122.133
MinimumVisualStudioVersion = 10.0.40219.1
Project("{FAE04EC0-301F-11D3-BF4B-00C04F79EFBC}") = "MyFirstApp", "MyFirstApp\MyFirstApp.csproj", "{BF112B26-CA86-48E1-954A-AC5306016245}"
EndProject
Global
	GlobalSection(SolutionConfigurationPlatforms) = preSolution
		Debug|Any CPU = Debug|Any CPU
		Release|Any CPU = Release|Any CPU
	EndGlobalSection
	GlobalSection(ProjectConfigurationPlatforms) = postSolution
		{BF112B26-CA86-48E1-954A-AC5306016245}.Debug|Any CPU.ActiveCfg = Debug|Any CPU
		{BF112B26-CA86-48E1-954A-AC5306016245}.Debug|Any CPU.Build.0 = Debug|Any CPU
		{BF112B26-CA86-48E1-954A-AC5306016245}.Release|Any CPU.ActiveCfg = Release|Any CPU
		{BF112B26-CA86-48E1-954A-AC5306016245}.Release|Any CPU.Build.0 = Release|Any CPU
	EndGlobalSection
	GlobalSection(SolutionProperties) = preSolution
		HideSolutionNode = FALSE
	EndGlobalSection
	GlobalSection(ExtensibilityGlobals) = postSolution
		SolutionGuid = {03E17E4D-B306-479D-A8E9-36740F3D4CE1}
	EndGlobalSection
EndGlobal
